// !$*UTF8*$!
{
	archiveVersion = 1;
	classes = {
	};
	objectVersion = 51;
	objects = {

/* Begin PBXBuildFile section */
		1817C9002584B349000FEA07 /* FullScreenVideo.swift in Sources */ = {isa = PBXBuildFile; fileRef = 1817C8FF2584B349000FEA07 /* FullScreenVideo.swift */; };
		1817C90F2584BEEF000FEA07 /* Video+CoreDataClass.swift in Sources */ = {isa = PBXBuildFile; fileRef = 1817C90D2584BEEF000FEA07 /* Video+CoreDataClass.swift */; };
		1817C9102584BEEF000FEA07 /* Video+CoreDataProperties.swift in Sources */ = {isa = PBXBuildFile; fileRef = 1817C90E2584BEEF000FEA07 /* Video+CoreDataProperties.swift */; };
		1817C9132584C73E000FEA07 /* VideoHistoryController.swift in Sources */ = {isa = PBXBuildFile; fileRef = 1817C9122584C73E000FEA07 /* VideoHistoryController.swift */; };
		183DB63A2584917F00428972 /* ShotTableViewCell.swift in Sources */ = {isa = PBXBuildFile; fileRef = 183DB6382584917F00428972 /* ShotTableViewCell.swift */; };
		183DB63B2584917F00428972 /* ShotTableViewCell.xib in Resources */ = {isa = PBXBuildFile; fileRef = 183DB6392584917F00428972 /* ShotTableViewCell.xib */; };
		183DB6482584925100428972 /* ASVideoLayerObject.swift in Sources */ = {isa = PBXBuildFile; fileRef = 183DB6452584925100428972 /* ASVideoLayerObject.swift */; };
		183DB6492584925100428972 /* ASVideoPlayerController.swift in Sources */ = {isa = PBXBuildFile; fileRef = 183DB6462584925100428972 /* ASVideoPlayerController.swift */; };
		183DB64A2584925100428972 /* ASVideoContainer.swift in Sources */ = {isa = PBXBuildFile; fileRef = 183DB6472584925100428972 /* ASVideoContainer.swift */; };
		183DB64D2584927500428972 /* AVFoundation.framework in Frameworks */ = {isa = PBXBuildFile; fileRef = 183DB64C2584927500428972 /* AVFoundation.framework */; };
		183DB64F2584927C00428972 /* AVKit.framework in Frameworks */ = {isa = PBXBuildFile; fileRef = 183DB64E2584927C00428972 /* AVKit.framework */; };
		183DB684258499AE00428972 /* data.json in Resources */ = {isa = PBXBuildFile; fileRef = 183DB683258499AE00428972 /* data.json */; };
		185D815C25826DBE00C664FA /* CustomCell.swift in Sources */ = {isa = PBXBuildFile; fileRef = 185D815B25826DBE00C664FA /* CustomCell.swift */; };
		18A634ED258238EE00A19A66 /* AppDelegate.swift in Sources */ = {isa = PBXBuildFile; fileRef = 18A634EC258238EE00A19A66 /* AppDelegate.swift */; };
		18A634EF258238EE00A19A66 /* SceneDelegate.swift in Sources */ = {isa = PBXBuildFile; fileRef = 18A634EE258238EE00A19A66 /* SceneDelegate.swift */; };
		18A634F1258238EE00A19A66 /* ViewController.swift in Sources */ = {isa = PBXBuildFile; fileRef = 18A634F0258238EE00A19A66 /* ViewController.swift */; };
		18A634F4258238EE00A19A66 /* Main.storyboard in Resources */ = {isa = PBXBuildFile; fileRef = 18A634F2258238EE00A19A66 /* Main.storyboard */; };
		18A634F7258238EE00A19A66 /* SpaceOPracticalByHardik.xcdatamodeld in Sources */ = {isa = PBXBuildFile; fileRef = 18A634F5258238EE00A19A66 /* SpaceOPracticalByHardik.xcdatamodeld */; };
		18A634F9258238EF00A19A66 /* Assets.xcassets in Resources */ = {isa = PBXBuildFile; fileRef = 18A634F8258238EF00A19A66 /* Assets.xcassets */; };
		18A634FC258238EF00A19A66 /* LaunchScreen.storyboard in Resources */ = {isa = PBXBuildFile; fileRef = 18A634FA258238EF00A19A66 /* LaunchScreen.storyboard */; };
		18A635382582428400A19A66 /* DbManager.swift in Sources */ = {isa = PBXBuildFile; fileRef = 18A635372582428400A19A66 /* DbManager.swift */; };
		18A6353C258243B200A19A66 /* String+Extension.swift in Sources */ = {isa = PBXBuildFile; fileRef = 18A6353B258243B200A19A66 /* String+Extension.swift */; };
		18A635402582458400A19A66 /* UIButton+Extension.swift in Sources */ = {isa = PBXBuildFile; fileRef = 18A6353F2582458400A19A66 /* UIButton+Extension.swift */; };
		18A635432582475100A19A66 /* UIView+Extension.swift in Sources */ = {isa = PBXBuildFile; fileRef = 18A635422582475100A19A66 /* UIView+Extension.swift */; };
		18A6354725824B0B00A19A66 /* Helper.swift in Sources */ = {isa = PBXBuildFile; fileRef = 18A6354625824B0B00A19A66 /* Helper.swift */; };
		18A6355425824F7800A19A66 /* Fonts in Resources */ = {isa = PBXBuildFile; fileRef = 18A6355325824F7800A19A66 /* Fonts */; };
		18A635572582514400A19A66 /* UIImageView+Extension.swift in Sources */ = {isa = PBXBuildFile; fileRef = 18A635562582514400A19A66 /* UIImageView+Extension.swift */; };
		18A6355A258269B500A19A66 /* Api.swift in Sources */ = {isa = PBXBuildFile; fileRef = 18A63559258269B500A19A66 /* Api.swift */; };
		18A6356225826A4100A19A66 /* Model.swift in Sources */ = {isa = PBXBuildFile; fileRef = 18A6356125826A4100A19A66 /* Model.swift */; };
		3F0B7E4DA609B55FAFAF8E4D /* Pods_SpaceOPracticalByHardik.framework in Frameworks */ = {isa = PBXBuildFile; fileRef = C7BFBA75377E33FBD39776F7 /* Pods_SpaceOPracticalByHardik.framework */; };
/* End PBXBuildFile section */

/* Begin PBXFileReference section */
		1817C8FF2584B349000FEA07 /* FullScreenVideo.swift */ = {isa = PBXFileReference; lastKnownFileType = sourcecode.swift; path = FullScreenVideo.swift; sourceTree = "<group>"; };
		1817C90D2584BEEF000FEA07 /* Video+CoreDataClass.swift */ = {isa = PBXFileReference; lastKnownFileType = sourcecode.swift; path = "Video+CoreDataClass.swift"; sourceTree = "<group>"; };
		1817C90E2584BEEF000FEA07 /* Video+CoreDataProperties.swift */ = {isa = PBXFileReference; lastKnownFileType = sourcecode.swift; path = "Video+CoreDataProperties.swift"; sourceTree = "<group>"; };
		1817C9122584C73E000FEA07 /* VideoHistoryController.swift */ = {isa = PBXFileReference; lastKnownFileType = sourcecode.swift; path = VideoHistoryController.swift; sourceTree = "<group>"; };
		183DB6382584917F00428972 /* ShotTableViewCell.swift */ = {isa = PBXFileReference; fileEncoding = 4; lastKnownFileType = sourcecode.swift; path = ShotTableViewCell.swift; sourceTree = "<group>"; };
		183DB6392584917F00428972 /* ShotTableViewCell.xib */ = {isa = PBXFileReference; fileEncoding = 4; lastKnownFileType = file.xib; path = ShotTableViewCell.xib; sourceTree = "<group>"; };
		183DB6452584925100428972 /* ASVideoLayerObject.swift */ = {isa = PBXFileReference; fileEncoding = 4; lastKnownFileType = sourcecode.swift; path = ASVideoLayerObject.swift; sourceTree = "<group>"; };
		183DB6462584925100428972 /* ASVideoPlayerController.swift */ = {isa = PBXFileReference; fileEncoding = 4; lastKnownFileType = sourcecode.swift; path = ASVideoPlayerController.swift; sourceTree = "<group>"; };
		183DB6472584925100428972 /* ASVideoContainer.swift */ = {isa = PBXFileReference; fileEncoding = 4; lastKnownFileType = sourcecode.swift; path = ASVideoContainer.swift; sourceTree = "<group>"; };
		183DB64C2584927500428972 /* AVFoundation.framework */ = {isa = PBXFileReference; lastKnownFileType = wrapper.framework; name = AVFoundation.framework; path = System/Library/Frameworks/AVFoundation.framework; sourceTree = SDKROOT; };
		183DB64E2584927C00428972 /* AVKit.framework */ = {isa = PBXFileReference; lastKnownFileType = wrapper.framework; name = AVKit.framework; path = System/Library/Frameworks/AVKit.framework; sourceTree = SDKROOT; };
		183DB683258499AE00428972 /* data.json */ = {isa = PBXFileReference; lastKnownFileType = text.json; path = data.json; sourceTree = "<group>"; };
		185D815B25826DBE00C664FA /* CustomCell.swift */ = {isa = PBXFileReference; lastKnownFileType = sourcecode.swift; path = CustomCell.swift; sourceTree = "<group>"; };
		18A634E9258238EE00A19A66 /* SpaceOPracticalByHardik.app */ = {isa = PBXFileReference; explicitFileType = wrapper.application; includeInIndex = 0; path = SpaceOPracticalByHardik.app; sourceTree = BUILT_PRODUCTS_DIR; };
		18A634EC258238EE00A19A66 /* AppDelegate.swift */ = {isa = PBXFileReference; lastKnownFileType = sourcecode.swift; path = AppDelegate.swift; sourceTree = "<group>"; };
		18A634EE258238EE00A19A66 /* SceneDelegate.swift */ = {isa = PBXFileReference; lastKnownFileType = sourcecode.swift; path = SceneDelegate.swift; sourceTree = "<group>"; };
		18A634F0258238EE00A19A66 /* ViewController.swift */ = {isa = PBXFileReference; lastKnownFileType = sourcecode.swift; path = ViewController.swift; sourceTree = "<group>"; };
		18A634F3258238EE00A19A66 /* Base */ = {isa = PBXFileReference; lastKnownFileType = file.storyboard; name = Base; path = Base.lproj/Main.storyboard; sourceTree = "<group>"; };
		18A634F6258238EE00A19A66 /* SpaceOPracticalByHardik.xcdatamodel */ = {isa = PBXFileReference; lastKnownFileType = wrapper.xcdatamodel; path = SpaceOPracticalByHardik.xcdatamodel; sourceTree = "<group>"; };
		18A634F8258238EF00A19A66 /* Assets.xcassets */ = {isa = PBXFileReference; lastKnownFileType = folder.assetcatalog; path = Assets.xcassets; sourceTree = "<group>"; };
		18A634FB258238EF00A19A66 /* Base */ = {isa = PBXFileReference; lastKnownFileType = file.storyboard; name = Base; path = Base.lproj/LaunchScreen.storyboard; sourceTree = "<group>"; };
		18A634FD258238EF00A19A66 /* Info.plist */ = {isa = PBXFileReference; lastKnownFileType = text.plist.xml; name = Info.plist; path = SpaceOPracticalByHardik/Info.plist; sourceTree = SOURCE_ROOT; };
		18A635372582428400A19A66 /* DbManager.swift */ = {isa = PBXFileReference; lastKnownFileType = sourcecode.swift; path = DbManager.swift; sourceTree = "<group>"; };
		18A6353B258243B200A19A66 /* String+Extension.swift */ = {isa = PBXFileReference; lastKnownFileType = sourcecode.swift; path = "String+Extension.swift"; sourceTree = "<group>"; };
		18A6353F2582458400A19A66 /* UIButton+Extension.swift */ = {isa = PBXFileReference; lastKnownFileType = sourcecode.swift; path = "UIButton+Extension.swift"; sourceTree = "<group>"; };
		18A635422582475100A19A66 /* UIView+Extension.swift */ = {isa = PBXFileReference; lastKnownFileType = sourcecode.swift; path = "UIView+Extension.swift"; sourceTree = "<group>"; };
		18A6354625824B0B00A19A66 /* Helper.swift */ = {isa = PBXFileReference; lastKnownFileType = sourcecode.swift; path = Helper.swift; sourceTree = "<group>"; };
		18A6355325824F7800A19A66 /* Fonts */ = {isa = PBXFileReference; lastKnownFileType = folder; path = Fonts; sourceTree = "<group>"; };
		18A635562582514400A19A66 /* UIImageView+Extension.swift */ = {isa = PBXFileReference; lastKnownFileType = sourcecode.swift; path = "UIImageView+Extension.swift"; sourceTree = "<group>"; };
		18A63559258269B500A19A66 /* Api.swift */ = {isa = PBXFileReference; lastKnownFileType = sourcecode.swift; path = Api.swift; sourceTree = "<group>"; };
		18A6356125826A4100A19A66 /* Model.swift */ = {isa = PBXFileReference; lastKnownFileType = sourcecode.swift; path = Model.swift; sourceTree = "<group>"; };
		921B62D86EF8A68031A7024B /* Pods-SpaceOPracticalByHardik.release.xcconfig */ = {isa = PBXFileReference; includeInIndex = 1; lastKnownFileType = text.xcconfig; name = "Pods-SpaceOPracticalByHardik.release.xcconfig"; path = "Target Support Files/Pods-SpaceOPracticalByHardik/Pods-SpaceOPracticalByHardik.release.xcconfig"; sourceTree = "<group>"; };
		A03F119CF10FF59A8E213A79 /* Pods-SpaceOPracticalByHardik.debug.xcconfig */ = {isa = PBXFileReference; includeInIndex = 1; lastKnownFileType = text.xcconfig; name = "Pods-SpaceOPracticalByHardik.debug.xcconfig"; path = "Target Support Files/Pods-SpaceOPracticalByHardik/Pods-SpaceOPracticalByHardik.debug.xcconfig"; sourceTree = "<group>"; };
		C7BFBA75377E33FBD39776F7 /* Pods_SpaceOPracticalByHardik.framework */ = {isa = PBXFileReference; explicitFileType = wrapper.framework; includeInIndex = 0; path = Pods_SpaceOPracticalByHardik.framework; sourceTree = BUILT_PRODUCTS_DIR; };
/* End PBXFileReference section */

/* Begin PBXFrameworksBuildPhase section */
		18A634E6258238EE00A19A66 /* Frameworks */ = {
			isa = PBXFrameworksBuildPhase;
			buildActionMask = 2147483647;
			files = (
				183DB64D2584927500428972 /* AVFoundation.framework in Frameworks */,
				3F0B7E4DA609B55FAFAF8E4D /* Pods_SpaceOPracticalByHardik.framework in Frameworks */,
				183DB64F2584927C00428972 /* AVKit.framework in Frameworks */,
			);
			runOnlyForDeploymentPostprocessing = 0;
		};
/* End PBXFrameworksBuildPhase section */

/* Begin PBXGroup section */
		183DB6442584924200428972 /* VideoPlayerStuff */ = {
			isa = PBXGroup;
			children = (
				183DB6472584925100428972 /* ASVideoContainer.swift */,
				183DB6452584925100428972 /* ASVideoLayerObject.swift */,
				183DB6462584925100428972 /* ASVideoPlayerController.swift */,
			);
			path = VideoPlayerStuff;
			sourceTree = "<group>";
		};
		185D815A25826D9400C664FA /* Cells */ = {
			isa = PBXGroup;
			children = (
				183DB6382584917F00428972 /* ShotTableViewCell.swift */,
				183DB6392584917F00428972 /* ShotTableViewCell.xib */,
				185D815B25826DBE00C664FA /* CustomCell.swift */,
			);
			path = Cells;
			sourceTree = "<group>";
		};
		18A634E0258238EE00A19A66 = {
			isa = PBXGroup;
			children = (
				18A634EB258238EE00A19A66 /* SpaceOPracticalByHardik */,
				18A634EA258238EE00A19A66 /* Products */,
				DC027A564C5A6B9FF88A5296 /* Pods */,
				2BC8B6AA89201EDC55E01288 /* Frameworks */,
			);
			sourceTree = "<group>";
		};
		18A634EA258238EE00A19A66 /* Products */ = {
			isa = PBXGroup;
			children = (
				18A634E9258238EE00A19A66 /* SpaceOPracticalByHardik.app */,
			);
			name = Products;
			sourceTree = "<group>";
		};
		18A634EB258238EE00A19A66 /* SpaceOPracticalByHardik */ = {
			isa = PBXGroup;
			children = (
				183DB6442584924200428972 /* VideoPlayerStuff */,
				18A634FD258238EF00A19A66 /* Info.plist */,
				185D815A25826D9400C664FA /* Cells */,
				18A6356025826A3100A19A66 /* Models */,
				18A6355125824CFB00A19A66 /* Controllers */,
				18A6355025824CD200A19A66 /* Resource */,
				18A6354F25824CB900A19A66 /* Views */,
				18A6354525824AF700A19A66 /* Util */,
				18A6353A2582439800A19A66 /* Extension */,
				18A635362582426100A19A66 /* ApiManager */,
			);
			path = SpaceOPracticalByHardik;
			sourceTree = "<group>";
		};
		18A635362582426100A19A66 /* ApiManager */ = {
			isa = PBXGroup;
			children = (
				18A635372582428400A19A66 /* DbManager.swift */,
				18A63559258269B500A19A66 /* Api.swift */,
			);
			path = ApiManager;
			sourceTree = "<group>";
		};
		18A6353A2582439800A19A66 /* Extension */ = {
			isa = PBXGroup;
			children = (
				18A6353B258243B200A19A66 /* String+Extension.swift */,
				18A6353F2582458400A19A66 /* UIButton+Extension.swift */,
				18A635422582475100A19A66 /* UIView+Extension.swift */,
				18A635562582514400A19A66 /* UIImageView+Extension.swift */,
			);
			path = Extension;
			sourceTree = "<group>";
		};
		18A6354525824AF700A19A66 /* Util */ = {
			isa = PBXGroup;
			children = (
				18A6354625824B0B00A19A66 /* Helper.swift */,
			);
			path = Util;
			sourceTree = "<group>";
		};
		18A6354F25824CB900A19A66 /* Views */ = {
			isa = PBXGroup;
			children = (
				18A634F2258238EE00A19A66 /* Main.storyboard */,
			);
			path = Views;
			sourceTree = "<group>";
		};
		18A6355025824CD200A19A66 /* Resource */ = {
			isa = PBXGroup;
			children = (
				18A6355325824F7800A19A66 /* Fonts */,
				18A634FA258238EF00A19A66 /* LaunchScreen.storyboard */,
				18A634F5258238EE00A19A66 /* SpaceOPracticalByHardik.xcdatamodeld */,
				18A634EC258238EE00A19A66 /* AppDelegate.swift */,
				18A634EE258238EE00A19A66 /* SceneDelegate.swift */,
				18A634F8258238EF00A19A66 /* Assets.xcassets */,
				183DB683258499AE00428972 /* data.json */,
			);
			path = Resource;
			sourceTree = "<group>";
		};
		18A6355125824CFB00A19A66 /* Controllers */ = {
			isa = PBXGroup;
			children = (
				18A634F0258238EE00A19A66 /* ViewController.swift */,
				1817C8FF2584B349000FEA07 /* FullScreenVideo.swift */,
				1817C9122584C73E000FEA07 /* VideoHistoryController.swift */,
			);
			path = Controllers;
			sourceTree = "<group>";
		};
		18A6356025826A3100A19A66 /* Models */ = {
			isa = PBXGroup;
			children = (
				1817C90D2584BEEF000FEA07 /* Video+CoreDataClass.swift */,
				1817C90E2584BEEF000FEA07 /* Video+CoreDataProperties.swift */,
				18A6356125826A4100A19A66 /* Model.swift */,
			);
			path = Models;
			sourceTree = "<group>";
		};
		2BC8B6AA89201EDC55E01288 /* Frameworks */ = {
			isa = PBXGroup;
			children = (
				183DB64E2584927C00428972 /* AVKit.framework */,
				183DB64C2584927500428972 /* AVFoundation.framework */,
				C7BFBA75377E33FBD39776F7 /* Pods_SpaceOPracticalByHardik.framework */,
			);
			name = Frameworks;
			sourceTree = "<group>";
		};
		DC027A564C5A6B9FF88A5296 /* Pods */ = {
			isa = PBXGroup;
			children = (
				A03F119CF10FF59A8E213A79 /* Pods-SpaceOPracticalByHardik.debug.xcconfig */,
				921B62D86EF8A68031A7024B /* Pods-SpaceOPracticalByHardik.release.xcconfig */,
			);
			path = Pods;
			sourceTree = "<group>";
		};
/* End PBXGroup section */

/* Begin PBXNativeTarget section */
		18A634E8258238EE00A19A66 /* SpaceOPracticalByHardik */ = {
			isa = PBXNativeTarget;
			buildConfigurationList = 18A63500258238EF00A19A66 /* Build configuration list for PBXNativeTarget "SpaceOPracticalByHardik" */;
			buildPhases = (
				324729013CAACBE5476AD461 /* [CP] Check Pods Manifest.lock */,
				18A634E5258238EE00A19A66 /* Sources */,
				18A634E6258238EE00A19A66 /* Frameworks */,
				18A634E7258238EE00A19A66 /* Resources */,
				2D2BF15DDE5DF9DA727A4D19 /* [CP] Embed Pods Frameworks */,
			);
			buildRules = (
			);
			dependencies = (
			);
			name = SpaceOPracticalByHardik;
			productName = SpaceOPracticalByHardik;
			productReference = 18A634E9258238EE00A19A66 /* SpaceOPracticalByHardik.app */;
			productType = "com.apple.product-type.application";
		};
/* End PBXNativeTarget section */

/* Begin PBXProject section */
		18A634E1258238EE00A19A66 /* Project object */ = {
			isa = PBXProject;
			attributes = {
				LastSwiftUpdateCheck = 1210;
				LastUpgradeCheck = 1210;
				TargetAttributes = {
					18A634E8258238EE00A19A66 = {
						CreatedOnToolsVersion = 12.1;
					};
				};
			};
			buildConfigurationList = 18A634E4258238EE00A19A66 /* Build configuration list for PBXProject "SpaceOPracticalByHardik" */;
			compatibilityVersion = "Xcode 9.3";
			developmentRegion = en;
			hasScannedForEncodings = 0;
			knownRegions = (
				en,
				Base,
			);
			mainGroup = 18A634E0258238EE00A19A66;
			productRefGroup = 18A634EA258238EE00A19A66 /* Products */;
			projectDirPath = "";
			projectRoot = "";
			targets = (
				18A634E8258238EE00A19A66 /* SpaceOPracticalByHardik */,
			);
		};
/* End PBXProject section */

/* Begin PBXResourcesBuildPhase section */
		18A634E7258238EE00A19A66 /* Resources */ = {
			isa = PBXResourcesBuildPhase;
			buildActionMask = 2147483647;
			files = (
				18A6355425824F7800A19A66 /* Fonts in Resources */,
				183DB684258499AE00428972 /* data.json in Resources */,
				18A634FC258238EF00A19A66 /* LaunchScreen.storyboard in Resources */,
				183DB63B2584917F00428972 /* ShotTableViewCell.xib in Resources */,
				18A634F9258238EF00A19A66 /* Assets.xcassets in Resources */,
				18A634F4258238EE00A19A66 /* Main.storyboard in Resources */,
			);
			runOnlyForDeploymentPostprocessing = 0;
		};
/* End PBXResourcesBuildPhase section */

/* Begin PBXShellScriptBuildPhase section */
		2D2BF15DDE5DF9DA727A4D19 /* [CP] Embed Pods Frameworks */ = {
			isa = PBXShellScriptBuildPhase;
			buildActionMask = 2147483647;
			files = (
			);
			inputFileListPaths = (
				"${PODS_ROOT}/Target Support Files/Pods-SpaceOPracticalByHardik/Pods-SpaceOPracticalByHardik-frameworks-${CONFIGURATION}-input-files.xcfilelist",
			);
			name = "[CP] Embed Pods Frameworks";
			outputFileListPaths = (
				"${PODS_ROOT}/Target Support Files/Pods-SpaceOPracticalByHardik/Pods-SpaceOPracticalByHardik-frameworks-${CONFIGURATION}-output-files.xcfilelist",
			);
			runOnlyForDeploymentPostprocessing = 0;
			shellPath = /bin/sh;
			shellScript = "\"${PODS_ROOT}/Target Support Files/Pods-SpaceOPracticalByHardik/Pods-SpaceOPracticalByHardik-frameworks.sh\"\n";
			showEnvVarsInLog = 0;
		};
		324729013CAACBE5476AD461 /* [CP] Check Pods Manifest.lock */ = {
			isa = PBXShellScriptBuildPhase;
			buildActionMask = 2147483647;
			files = (
			);
			inputFileListPaths = (
			);
			inputPaths = (
				"${PODS_PODFILE_DIR_PATH}/Podfile.lock",
				"${PODS_ROOT}/Manifest.lock",
			);
			name = "[CP] Check Pods Manifest.lock";
			outputFileListPaths = (
			);
			outputPaths = (
				"$(DERIVED_FILE_DIR)/Pods-SpaceOPracticalByHardik-checkManifestLockResult.txt",
			);
			runOnlyForDeploymentPostprocessing = 0;
			shellPath = /bin/sh;
			shellScript = "diff \"${PODS_PODFILE_DIR_PATH}/Podfile.lock\" \"${PODS_ROOT}/Manifest.lock\" > /dev/null\nif [ $? != 0 ] ; then\n    # print error to STDERR\n    echo \"error: The sandbox is not in sync with the Podfile.lock. Run 'pod install' or update your CocoaPods installation.\" >&2\n    exit 1\nfi\n# This output is used by Xcode 'outputs' to avoid re-running this script phase.\necho \"SUCCESS\" > \"${SCRIPT_OUTPUT_FILE_0}\"\n";
			showEnvVarsInLog = 0;
		};
/* End PBXShellScriptBuildPhase section */

/* Begin PBXSourcesBuildPhase section */
		18A634E5258238EE00A19A66 /* Sources */ = {
			isa = PBXSourcesBuildPhase;
			buildActionMask = 2147483647;
			files = (
				18A635382582428400A19A66 /* DbManager.swift in Sources */,
				183DB64A2584925100428972 /* ASVideoContainer.swift in Sources */,
				18A634F7258238EE00A19A66 /* SpaceOPracticalByHardik.xcdatamodeld in Sources */,
				183DB6482584925100428972 /* ASVideoLayerObject.swift in Sources */,
				18A635432582475100A19A66 /* UIView+Extension.swift in Sources */,
				1817C9002584B349000FEA07 /* FullScreenVideo.swift in Sources */,
				18A634F1258238EE00A19A66 /* ViewController.swift in Sources */,
				1817C9102584BEEF000FEA07 /* Video+CoreDataProperties.swift in Sources */,
				18A634ED258238EE00A19A66 /* AppDelegate.swift in Sources */,
				18A6356225826A4100A19A66 /* Model.swift in Sources */,
				18A6355A258269B500A19A66 /* Api.swift in Sources */,
				183DB63A2584917F00428972 /* ShotTableViewCell.swift in Sources */,
				18A6354725824B0B00A19A66 /* Helper.swift in Sources */,
				18A635572582514400A19A66 /* UIImageView+Extension.swift in Sources */,
				185D815C25826DBE00C664FA /* CustomCell.swift in Sources */,
				1817C9132584C73E000FEA07 /* VideoHistoryController.swift in Sources */,
				1817C90F2584BEEF000FEA07 /* Video+CoreDataClass.swift in Sources */,
				183DB6492584925100428972 /* ASVideoPlayerController.swift in Sources */,
				18A6353C258243B200A19A66 /* String+Extension.swift in Sources */,
				18A634EF258238EE00A19A66 /* SceneDelegate.swift in Sources */,
				18A635402582458400A19A66 /* UIButton+Extension.swift in Sources */,
			);
			runOnlyForDeploymentPostprocessing = 0;
		};
/* End PBXSourcesBuildPhase section */

/* Begin PBXVariantGroup section */
		18A634F2258238EE00A19A66 /* Main.storyboard */ = {
			isa = PBXVariantGroup;
			children = (
				18A634F3258238EE00A19A66 /* Base */,
			);
			name = Main.storyboard;
			sourceTree = "<group>";
		};
		18A634FA258238EF00A19A66 /* LaunchScreen.storyboard */ = {
			isa = PBXVariantGroup;
			children = (
				18A634FB258238EF00A19A66 /* Base */,
			);
			name = LaunchScreen.storyboard;
			sourceTree = "<group>";
		};
/* End PBXVariantGroup section */

/* Begin XCBuildConfiguration section */
		18A634FE258238EF00A19A66 /* Debug */ = {
			isa = XCBuildConfiguration;
			buildSettings = {
				ALWAYS_SEARCH_USER_PATHS = NO;
				CLANG_ANALYZER_NONNULL = YES;
				CLANG_ANALYZER_NUMBER_OBJECT_CONVERSION = YES_AGGRESSIVE;
				CLANG_CXX_LANGUAGE_STANDARD = "gnu++14";
				CLANG_CXX_LIBRARY = "libc++";
				CLANG_ENABLE_MODULES = YES;
				CLANG_ENABLE_OBJC_ARC = YES;
				CLANG_ENABLE_OBJC_WEAK = YES;
				CLANG_WARN_BLOCK_CAPTURE_AUTORELEASING = YES;
				CLANG_WARN_BOOL_CONVERSION = YES;
				CLANG_WARN_COMMA = YES;
				CLANG_WARN_CONSTANT_CONVERSION = YES;
				CLANG_WARN_DEPRECATED_OBJC_IMPLEMENTATIONS = YES;
				CLANG_WARN_DIRECT_OBJC_ISA_USAGE = YES_ERROR;
				CLANG_WARN_DOCUMENTATION_COMMENTS = YES;
				CLANG_WARN_EMPTY_BODY = YES;
				CLANG_WARN_ENUM_CONVERSION = YES;
				CLANG_WARN_INFINITE_RECURSION = YES;
				CLANG_WARN_INT_CONVERSION = YES;
				CLANG_WARN_NON_LITERAL_NULL_CONVERSION = YES;
				CLANG_WARN_OBJC_IMPLICIT_RETAIN_SELF = YES;
				CLANG_WARN_OBJC_LITERAL_CONVERSION = YES;
				CLANG_WARN_OBJC_ROOT_CLASS = YES_ERROR;
				CLANG_WARN_QUOTED_INCLUDE_IN_FRAMEWORK_HEADER = YES;
				CLANG_WARN_RANGE_LOOP_ANALYSIS = YES;
				CLANG_WARN_STRICT_PROTOTYPES = YES;
				CLANG_WARN_SUSPICIOUS_MOVE = YES;
				CLANG_WARN_UNGUARDED_AVAILABILITY = YES_AGGRESSIVE;
				CLANG_WARN_UNREACHABLE_CODE = YES;
				CLANG_WARN__DUPLICATE_METHOD_MATCH = YES;
				COPY_PHASE_STRIP = NO;
				DEBUG_INFORMATION_FORMAT = dwarf;
				ENABLE_STRICT_OBJC_MSGSEND = YES;
				ENABLE_TESTABILITY = YES;
				GCC_C_LANGUAGE_STANDARD = gnu11;
				GCC_DYNAMIC_NO_PIC = NO;
				GCC_NO_COMMON_BLOCKS = YES;
				GCC_OPTIMIZATION_LEVEL = 0;
				GCC_PREPROCESSOR_DEFINITIONS = (
					"DEBUG=1",
					"$(inherited)",
				);
				GCC_WARN_64_TO_32_BIT_CONVERSION = YES;
				GCC_WARN_ABOUT_RETURN_TYPE = YES_ERROR;
				GCC_WARN_UNDECLARED_SELECTOR = YES;
				GCC_WARN_UNINITIALIZED_AUTOS = YES_AGGRESSIVE;
				GCC_WARN_UNUSED_FUNCTION = YES;
				GCC_WARN_UNUSED_VARIABLE = YES;
				IPHONEOS_DEPLOYMENT_TARGET = 14.1;
				MTL_ENABLE_DEBUG_INFO = INCLUDE_SOURCE;
				MTL_FAST_MATH = YES;
				ONLY_ACTIVE_ARCH = YES;
				SDKROOT = iphoneos;
				SWIFT_ACTIVE_COMPILATION_CONDITIONS = DEBUG;
				SWIFT_OPTIMIZATION_LEVEL = "-Onone";
			};
			name = Debug;
		};
		18A634FF258238EF00A19A66 /* Release */ = {
			isa = XCBuildConfiguration;
			buildSettings = {
				ALWAYS_SEARCH_USER_PATHS = NO;
				CLANG_ANALYZER_NONNULL = YES;
				CLANG_ANALYZER_NUMBER_OBJECT_CONVERSION = YES_AGGRESSIVE;
				CLANG_CXX_LANGUAGE_STANDARD = "gnu++14";
				CLANG_CXX_LIBRARY = "libc++";
				CLANG_ENABLE_MODULES = YES;
				CLANG_ENABLE_OBJC_ARC = YES;
				CLANG_ENABLE_OBJC_WEAK = YES;
				CLANG_WARN_BLOCK_CAPTURE_AUTORELEASING = YES;
				CLANG_WARN_BOOL_CONVERSION = YES;
				CLANG_WARN_COMMA = YES;
				CLANG_WARN_CONSTANT_CONVERSION = YES;
				CLANG_WARN_DEPRECATED_OBJC_IMPLEMENTATIONS = YES;
				CLANG_WARN_DIRECT_OBJC_ISA_USAGE = YES_ERROR;
				CLANG_WARN_DOCUMENTATION_COMMENTS = YES;
				CLANG_WARN_EMPTY_BODY = YES;
				CLANG_WARN_ENUM_CONVERSION = YES;
				CLANG_WARN_INFINITE_RECURSION = YES;
				CLANG_WARN_INT_CONVERSION = YES;
				CLANG_WARN_NON_LITERAL_NULL_CONVERSION = YES;
				CLANG_WARN_OBJC_IMPLICIT_RETAIN_SELF = YES;
				CLANG_WARN_OBJC_LITERAL_CONVERSION = YES;
				CLANG_WARN_OBJC_ROOT_CLASS = YES_ERROR;
				CLANG_WARN_QUOTED_INCLUDE_IN_FRAMEWORK_HEADER = YES;
				CLANG_WARN_RANGE_LOOP_ANALYSIS = YES;
				CLANG_WARN_STRICT_PROTOTYPES = YES;
				CLANG_WARN_SUSPICIOUS_MOVE = YES;
				CLANG_WARN_UNGUARDED_AVAILABILITY = YES_AGGRESSIVE;
				CLANG_WARN_UNREACHABLE_CODE = YES;
				CLANG_WARN__DUPLICATE_METHOD_MATCH = YES;
				COPY_PHASE_STRIP = NO;
				DEBUG_INFORMATION_FORMAT = "dwarf-with-dsym";
				ENABLE_NS_ASSERTIONS = NO;
				ENABLE_STRICT_OBJC_MSGSEND = YES;
				GCC_C_LANGUAGE_STANDARD = gnu11;
				GCC_NO_COMMON_BLOCKS = YES;
				GCC_WARN_64_TO_32_BIT_CONVERSION = YES;
				GCC_WARN_ABOUT_RETURN_TYPE = YES_ERROR;
				GCC_WARN_UNDECLARED_SELECTOR = YES;
				GCC_WARN_UNINITIALIZED_AUTOS = YES_AGGRESSIVE;
				GCC_WARN_UNUSED_FUNCTION = YES;
				GCC_WARN_UNUSED_VARIABLE = YES;
				IPHONEOS_DEPLOYMENT_TARGET = 14.1;
				MTL_ENABLE_DEBUG_INFO = NO;
				MTL_FAST_MATH = YES;
				SDKROOT = iphoneos;
				SWIFT_COMPILATION_MODE = wholemodule;
				SWIFT_OPTIMIZATION_LEVEL = "-O";
				VALIDATE_PRODUCT = YES;
			};
			name = Release;
		};
		18A63501258238EF00A19A66 /* Debug */ = {
			isa = XCBuildConfiguration;
			baseConfigurationReference = A03F119CF10FF59A8E213A79 /* Pods-SpaceOPracticalByHardik.debug.xcconfig */;
			buildSettings = {
				ASSETCATALOG_COMPILER_APPICON_NAME = AppIcon;
				ASSETCATALOG_COMPILER_GLOBAL_ACCENT_COLOR_NAME = AccentColor;
				CODE_SIGN_STYLE = Automatic;
				DEVELOPMENT_TEAM = 7TTQCLNJRT;
				INFOPLIST_FILE = SpaceOPracticalByHardik/Info.plist;
				IPHONEOS_DEPLOYMENT_TARGET = 10.3;
				LD_RUNPATH_SEARCH_PATHS = (
					"$(inherited)",
					"@executable_path/Frameworks",
				);
				PRODUCT_BUNDLE_IDENTIFIER = com.spaceO.hardikPatel;
				PRODUCT_NAME = "$(TARGET_NAME)";
				SWIFT_VERSION = 5.0;
				TARGETED_DEVICE_FAMILY = "1,2";
			};
			name = Debug;
		};
		18A63502258238EF00A19A66 /* Release */ = {
			isa = XCBuildConfiguration;
			baseConfigurationReference = 921B62D86EF8A68031A7024B /* Pods-SpaceOPracticalByHardik.release.xcconfig */;
			buildSettings = {
				ASSETCATALOG_COMPILER_APPICON_NAME = AppIcon;
				ASSETCATALOG_COMPILER_GLOBAL_ACCENT_COLOR_NAME = AccentColor;
				CODE_SIGN_STYLE = Automatic;
				DEVELOPMENT_TEAM = 7TTQCLNJRT;
				INFOPLIST_FILE = SpaceOPracticalByHardik/Info.plist;
				IPHONEOS_DEPLOYMENT_TARGET = 10.3;
				LD_RUNPATH_SEARCH_PATHS = (
					"$(inherited)",
					"@executable_path/Frameworks",
				);
				PRODUCT_BUNDLE_IDENTIFIER = com.spaceO.hardikPatel;
				PRODUCT_NAME = "$(TARGET_NAME)";
				SWIFT_VERSION = 5.0;
				TARGETED_DEVICE_FAMILY = "1,2";
			};
			name = Release;
		};
/* End XCBuildConfiguration section */

/* Begin XCConfigurationList section */
		18A634E4258238EE00A19A66 /* Build configuration list for PBXProject "SpaceOPracticalByHardik" */ = {
			isa = XCConfigurationList;
			buildConfigurations = (
				18A634FE258238EF00A19A66 /* Debug */,
				18A634FF258238EF00A19A66 /* Release */,
			);
			defaultConfigurationIsVisible = 0;
			defaultConfigurationName = Release;
		};
		18A63500258238EF00A19A66 /* Build configuration list for PBXNativeTarget "SpaceOPracticalByHardik" */ = {
			isa = XCConfigurationList;
			buildConfigurations = (
				18A63501258238EF00A19A66 /* Debug */,
				18A63502258238EF00A19A66 /* Release */,
			);
			defaultConfigurationIsVisible = 0;
			defaultConfigurationName = Release;
		};
/* End XCConfigurationList section */

/* Begin XCVersionGroup section */
		18A634F5258238EE00A19A66 /* SpaceOPracticalByHardik.xcdatamodeld */ = {
			isa = XCVersionGroup;
			children = (
				18A634F6258238EE00A19A66 /* SpaceOPracticalByHardik.xcdatamodel */,
			);
			currentVersion = 18A634F6258238EE00A19A66 /* SpaceOPracticalByHardik.xcdatamodel */;
			path = SpaceOPracticalByHardik.xcdatamodeld;
			sourceTree = "<group>";
			versionGroupType = wrapper.xcdatamodel;
		};
/* End XCVersionGroup section */
	};
	rootObject = 18A634E1258238EE00A19A66 /* Project object */;
}
